{
  "version": 4,
  "terraform_version": "1.3.9",
  "serial": 19,
  "lineage": "473816b6-2f9a-4437-79d9-a54d1c8f5dbb",
  "outputs": {},
  "resources": [
    {
      "mode": "managed",
      "type": "github_repository",
      "name": "My-First-Repository-Create",
      "provider": "provider[\"registry.terraform.io/hashicorp/github\"]",
      "instances": [
        {
          "schema_version": 1,
          "attributes": {
            "allow_auto_merge": false,
            "allow_merge_commit": true,
            "allow_rebase_merge": true,
            "allow_squash_merge": true,
            "allow_update_branch": false,
            "archive_on_destroy": null,
            "archived": false,
            "auto_init": null,
            "default_branch": "main",
            "delete_branch_on_merge": false,
            "description": "My First Repository Create Using Terraform",
            "etag": "W/\"eed07078545ec694440818f48e43865a69b7a6619784a9c5873e0d2dadb09e64\"",
            "full_name": "Shravankumar1989/My-First-Repository-Create-Using-Terraform",
            "git_clone_url": "git://github.com/Shravankumar1989/My-First-Repository-Create-Using-Terraform.git",
            "gitignore_template": null,
            "has_discussions": false,
            "has_downloads": false,
            "has_issues": false,
            "has_projects": false,
            "has_wiki": false,
            "homepage_url": "",
            "html_url": "https://github.com/Shravankumar1989/My-First-Repository-Create-Using-Terraform",
            "http_clone_url": "https://github.com/Shravankumar1989/My-First-Repository-Create-Using-Terraform.git",
            "id": "My-First-Repository-Create-Using-Terraform",
            "ignore_vulnerability_alerts_during_read": null,
            "is_template": false,
            "license_template": null,
            "merge_commit_message": "PR_TITLE",
            "merge_commit_title": "MERGE_MESSAGE",
            "name": "My-First-Repository-Create-Using-Terraform",
            "node_id": "R_kgDOJDpRgw",
            "pages": [],
            "private": false,
            "repo_id": 607801731,
            "security_and_analysis": [
              {
                "advanced_security": [],
                "secret_scanning": [
                  {
                    "status": "disabled"
                  }
                ],
                "secret_scanning_push_protection": [
                  {
                    "status": "disabled"
                  }
                ]
              }
            ],
            "squash_merge_commit_message": "COMMIT_MESSAGES",
            "squash_merge_commit_title": "COMMIT_OR_PR_TITLE",
            "ssh_clone_url": "git@github.com:Shravankumar1989/My-First-Repository-Create-Using-Terraform.git",
            "svn_url": "https://github.com/Shravankumar1989/My-First-Repository-Create-Using-Terraform",
            "template": [],
            "topics": null,
            "visibility": "public",
            "vulnerability_alerts": false
          },
          "sensitive_attributes": [],
          "private": "eyJzY2hlbWFfdmVyc2lvbiI6IjEifQ=="
        }
      ]
    },
    {
      "mode": "managed",
      "type": "github_repository",
      "name": "My-Second-Repository-Create",
      "provider": "provider[\"registry.terraform.io/hashicorp/github\"]",
      "instances": [
        {
          "schema_version": 1,
          "attributes": {
            "allow_auto_merge": false,
            "allow_merge_commit": true,
            "allow_rebase_merge": true,
            "allow_squash_merge": true,
            "allow_update_branch": false,
            "archive_on_destroy": null,
            "archived": false,
            "auto_init": null,
            "default_branch": "main",
            "delete_branch_on_merge": false,
            "description": "My Second Repository Create Using Terraform",
            "etag": "W/\"ff9143af8c7a17514cc8b61c40a980df850a006d7608ee291eea779dc88acdad\"",
            "full_name": "Shravankumar1989/My-Second-Repository-Create-Using-Terraform",
            "git_clone_url": "git://github.com/Shravankumar1989/My-Second-Repository-Create-Using-Terraform.git",
            "gitignore_template": null,
            "has_discussions": false,
            "has_downloads": false,
            "has_issues": false,
            "has_projects": false,
            "has_wiki": false,
            "homepage_url": "",
            "html_url": "https://github.com/Shravankumar1989/My-Second-Repository-Create-Using-Terraform",
            "http_clone_url": "https://github.com/Shravankumar1989/My-Second-Repository-Create-Using-Terraform.git",
            "id": "My-Second-Repository-Create-Using-Terraform",
            "ignore_vulnerability_alerts_during_read": null,
            "is_template": false,
            "license_template": null,
            "merge_commit_message": "PR_TITLE",
            "merge_commit_title": "MERGE_MESSAGE",
            "name": "My-Second-Repository-Create-Using-Terraform",
            "node_id": "R_kgDOJDpRjw",
            "pages": [],
            "private": false,
            "repo_id": 607801743,
            "security_and_analysis": [
              {
                "advanced_security": [],
                "secret_scanning": [
                  {
                    "status": "disabled"
                  }
                ],
                "secret_scanning_push_protection": [
                  {
                    "status": "disabled"
                  }
                ]
              }
            ],
            "squash_merge_commit_message": "COMMIT_MESSAGES",
            "squash_merge_commit_title": "COMMIT_OR_PR_TITLE",
            "ssh_clone_url": "git@github.com:Shravankumar1989/My-Second-Repository-Create-Using-Terraform.git",
            "svn_url": "https://github.com/Shravankumar1989/My-Second-Repository-Create-Using-Terraform",
            "template": [],
            "topics": null,
            "visibility": "public",
            "vulnerability_alerts": false
          },
          "sensitive_attributes": [],
          "private": "eyJzY2hlbWFfdmVyc2lvbiI6IjEifQ=="
        }
      ]
    }
  ],
  "check_results": null
}
